{
  "name": "hello-express",
  "version": "0.0.1",
  "lockfileVersion": 1,
  "requires": true,
  "dependencies": {
    "chalk": {
      "version": "4.1.2",
      "requires": {
        "ansi-styles": "^4.1.0",
        "supports-color": "^7.1.0"
      }
    },
    "discord.js": {
      "version": "12.5.3",
      "requires": {
        "@discordjs/collection": "^0.1.6",
        "@discordjs/form-data": "^3.0.1",
        "abort-controller": "^3.0.0",
        "node-fetch": "^2.6.1",
        "prism-media": "^1.2.9",
        "setimmediate": "^1.0.5",
        "tweetnacl": "^1.0.3",
        "ws": "^7.4.4"
      }
    },
    "gamedig": {
      "version": "3.0.8",
      "requires": {
        "cheerio": "^1.0.0-rc.3",
        "compressjs": "^1.0.2",
        "gbxremote": "^0.2.1",
        "got": "^11.5.1",
        "iconv-lite": "^0.6.2",
        "long": "^4.0.0",
        "minimist": "^1.2.5",
        "moment": "^2.27.0",
        "punycode": "^2.1.1",
        "varint": "^5.0.0"
      }
    },
    "moment": {
      "version": "2.29.1"
    },
    "moment-duration-format": {
      "version": "2.3.2",
      "resolved": "https://registry.npmjs.org/moment-duration-format/-/moment-duration-format-2.3.2.tgz",
      "integrity": "sha512-cBMXjSW+fjOb4tyaVHuaVE/A5TqkukDWiOfxxAjY+PEqmmBQlLwn+8OzwPiG3brouXKY5Un4pBjAeB6UToXHaQ=="
    }
  }
}
